
Microsoft Visual Studio Solution File, Format Version 12.00
# Visual Studio Version 16
VisualStudioVersion = 16.0.810.0
MinimumVisualStudioVersion = 10.0.40219.1
Project("{FAE04EC0-301F-11D3-BF4B-00C04F79EFBC}") = "CassaAssistenzaSanitaria.Android", "CassaAssistenzaSanitaria.Android\CassaAssistenzaSanitaria.Android.csproj", "{1341F905-EB66-4BAB-B452-972BC32AC8C7}"
EndProject
Project("{FAE04EC0-301F-11D3-BF4B-00C04F79EFBC}") = "CassaAssistenzaSanitaria.iOS", "CassaAssistenzaSanitaria.iOS\CassaAssistenzaSanitaria.iOS.csproj", "{D9D1EA71-1345-4125-8278-0D37A7D69EBE}"
EndProject
Project("{9A19103F-16F7-4668-BE54-9A1E7A4F7556}") = "CassaAssistenzaSanitaria.Web", "CassaAssistenzaSanitaria.Web\CassaAssistenzaSanitaria.Web.csproj", "{4B66526D-1994-4032-B84B-60FBEBB370ED}"
EndProject
Project("{FAE04EC0-301F-11D3-BF4B-00C04F79EFBC}") = "CassaAssistenzaSanitaria.UITests", "CassaAssistenzaSanitaria.UITests\CassaAssistenzaSanitaria.UITests.csproj", "{9A941749-EC73-46FC-981B-84C34B00D721}"
EndProject
Project("{9A19103F-16F7-4668-BE54-9A1E7A4F7556}") = "CassaAssistenzaSanitaria", "CassaAssistenzaSanitaria\CassaAssistenzaSanitaria.csproj", "{7AA1350C-4D26-48CD-8C4C-68083D9A0B50}"
EndProject
Project("{2150E333-8FDC-42A3-9474-1A3956D46DE8}") = "Solution Items", "Solution Items", "{BB5E9B64-2CC7-42E1-8F7E-BE06568CD4E6}"
	ProjectSection(SolutionItems) = preProject
		README.md = README.md
	EndProjectSection
EndProject
Project("{2150E333-8FDC-42A3-9474-1A3956D46DE8}") = "CassaAssistenzaSanitaria.DB", "CassaAssistenzaSanitaria.DB", "{3BD3480C-CBB8-4027-9DED-D84D4DC1EDF8}"
	ProjectSection(SolutionItems) = preProject
		Readme.txt = Readme.txt
		verificaDB.sql = verificaDB.sql
	EndProjectSection
EndProject
Global
	GlobalSection(SolutionConfigurationPlatforms) = preSolution
		Debug|Any CPU = Debug|Any CPU
		Debug|iPhone = Debug|iPhone
		Debug|iPhoneSimulator = Debug|iPhoneSimulator
		Default|Any CPU = Default|Any CPU
		Default|iPhone = Default|iPhone
		Default|iPhoneSimulator = Default|iPhoneSimulator
		Release|Any CPU = Release|Any CPU
		Release|iPhone = Release|iPhone
		Release|iPhoneSimulator = Release|iPhoneSimulator
	EndGlobalSection
	GlobalSection(ProjectConfigurationPlatforms) = postSolution
		{1341F905-EB66-4BAB-B452-972BC32AC8C7}.Debug|Any CPU.ActiveCfg = Debug|Any CPU
		{1341F905-EB66-4BAB-B452-972BC32AC8C7}.Debug|Any CPU.Build.0 = Debug|Any CPU
		{1341F905-EB66-4BAB-B452-972BC32AC8C7}.Debug|Any CPU.Deploy.0 = Debug|Any CPU
		{1341F905-EB66-4BAB-B452-972BC32AC8C7}.Debug|iPhone.ActiveCfg = Debug|Any CPU
		{1341F905-EB66-4BAB-B452-972BC32AC8C7}.Debug|iPhone.Build.0 = Debug|Any CPU
		{1341F905-EB66-4BAB-B452-972BC32AC8C7}.Debug|iPhoneSimulator.ActiveCfg = Debug|Any CPU
		{1341F905-EB66-4BAB-B452-972BC32AC8C7}.Debug|iPhoneSimulator.Build.0 = Debug|Any CPU
		{1341F905-EB66-4BAB-B452-972BC32AC8C7}.Default|Any CPU.ActiveCfg = Debug|Any CPU
		{1341F905-EB66-4BAB-B452-972BC32AC8C7}.Default|Any CPU.Build.0 = Debug|Any CPU
		{1341F905-EB66-4BAB-B452-972BC32AC8C7}.Default|iPhone.ActiveCfg = Debug|Any CPU
		{1341F905-EB66-4BAB-B452-972BC32AC8C7}.Default|iPhone.Build.0 = Debug|Any CPU
		{1341F905-EB66-4BAB-B452-972BC32AC8C7}.Default|iPhone.Deploy.0 = Debug|Any CPU
		{1341F905-EB66-4BAB-B452-972BC32AC8C7}.Default|iPhoneSimulator.ActiveCfg = Debug|Any CPU
		{1341F905-EB66-4BAB-B452-972BC32AC8C7}.Default|iPhoneSimulator.Build.0 = Debug|Any CPU
		{1341F905-EB66-4BAB-B452-972BC32AC8C7}.Default|iPhoneSimulator.Deploy.0 = Debug|Any CPU
		{1341F905-EB66-4BAB-B452-972BC32AC8C7}.Release|Any CPU.ActiveCfg = Release|Any CPU
		{1341F905-EB66-4BAB-B452-972BC32AC8C7}.Release|Any CPU.Build.0 = Release|Any CPU
		{1341F905-EB66-4BAB-B452-972BC32AC8C7}.Release|iPhone.ActiveCfg = Release|Any CPU
		{1341F905-EB66-4BAB-B452-972BC32AC8C7}.Release|iPhone.Build.0 = Release|Any CPU
		{1341F905-EB66-4BAB-B452-972BC32AC8C7}.Release|iPhoneSimulator.ActiveCfg = Release|Any CPU
		{1341F905-EB66-4BAB-B452-972BC32AC8C7}.Release|iPhoneSimulator.Build.0 = Release|Any CPU
		{D9D1EA71-1345-4125-8278-0D37A7D69EBE}.Debug|Any CPU.ActiveCfg = Debug|iPhoneSimulator
		{D9D1EA71-1345-4125-8278-0D37A7D69EBE}.Debug|Any CPU.Build.0 = Debug|iPhoneSimulator
		{D9D1EA71-1345-4125-8278-0D37A7D69EBE}.Debug|iPhone.ActiveCfg = Debug|iPhone
		{D9D1EA71-1345-4125-8278-0D37A7D69EBE}.Debug|iPhone.Build.0 = Debug|iPhone
		{D9D1EA71-1345-4125-8278-0D37A7D69EBE}.Debug|iPhoneSimulator.ActiveCfg = Debug|iPhoneSimulator
		{D9D1EA71-1345-4125-8278-0D37A7D69EBE}.Debug|iPhoneSimulator.Build.0 = Debug|iPhoneSimulator
		{D9D1EA71-1345-4125-8278-0D37A7D69EBE}.Default|Any CPU.ActiveCfg = Debug|iPhoneSimulator
		{D9D1EA71-1345-4125-8278-0D37A7D69EBE}.Default|Any CPU.Build.0 = Debug|iPhoneSimulator
		{D9D1EA71-1345-4125-8278-0D37A7D69EBE}.Default|iPhone.ActiveCfg = Debug|iPhone
		{D9D1EA71-1345-4125-8278-0D37A7D69EBE}.Default|iPhone.Build.0 = Debug|iPhone
		{D9D1EA71-1345-4125-8278-0D37A7D69EBE}.Default|iPhoneSimulator.ActiveCfg = Debug|iPhoneSimulator
		{D9D1EA71-1345-4125-8278-0D37A7D69EBE}.Default|iPhoneSimulator.Build.0 = Debug|iPhoneSimulator
		{D9D1EA71-1345-4125-8278-0D37A7D69EBE}.Release|Any CPU.ActiveCfg = Release|iPhoneSimulator
		{D9D1EA71-1345-4125-8278-0D37A7D69EBE}.Release|Any CPU.Build.0 = Release|iPhoneSimulator
		{D9D1EA71-1345-4125-8278-0D37A7D69EBE}.Release|iPhone.ActiveCfg = Release|iPhone
		{D9D1EA71-1345-4125-8278-0D37A7D69EBE}.Release|iPhone.Build.0 = Release|iPhone
		{D9D1EA71-1345-4125-8278-0D37A7D69EBE}.Release|iPhoneSimulator.ActiveCfg = Release|iPhoneSimulator
		{D9D1EA71-1345-4125-8278-0D37A7D69EBE}.Release|iPhoneSimulator.Build.0 = Release|iPhoneSimulator
		{4B66526D-1994-4032-B84B-60FBEBB370ED}.Debug|Any CPU.ActiveCfg = Debug|Any CPU
		{4B66526D-1994-4032-B84B-60FBEBB370ED}.Debug|Any CPU.Build.0 = Debug|Any CPU
		{4B66526D-1994-4032-B84B-60FBEBB370ED}.Debug|iPhone.ActiveCfg = Debug|Any CPU
		{4B66526D-1994-4032-B84B-60FBEBB370ED}.Debug|iPhone.Build.0 = Debug|Any CPU
		{4B66526D-1994-4032-B84B-60FBEBB370ED}.Debug|iPhoneSimulator.ActiveCfg = Debug|Any CPU
		{4B66526D-1994-4032-B84B-60FBEBB370ED}.Debug|iPhoneSimulator.Build.0 = Debug|Any CPU
		{4B66526D-1994-4032-B84B-60FBEBB370ED}.Default|Any CPU.ActiveCfg = Debug|Any CPU
		{4B66526D-1994-4032-B84B-60FBEBB370ED}.Default|Any CPU.Build.0 = Debug|Any CPU
		{4B66526D-1994-4032-B84B-60FBEBB370ED}.Default|iPhone.ActiveCfg = Debug|Any CPU
		{4B66526D-1994-4032-B84B-60FBEBB370ED}.Default|iPhone.Build.0 = Debug|Any CPU
		{4B66526D-1994-4032-B84B-60FBEBB370ED}.Default|iPhoneSimulator.ActiveCfg = Debug|Any CPU
		{4B66526D-1994-4032-B84B-60FBEBB370ED}.Default|iPhoneSimulator.Build.0 = Debug|Any CPU
		{4B66526D-1994-4032-B84B-60FBEBB370ED}.Release|Any CPU.ActiveCfg = Release|Any CPU
		{4B66526D-1994-4032-B84B-60FBEBB370ED}.Release|Any CPU.Build.0 = Release|Any CPU
		{4B66526D-1994-4032-B84B-60FBEBB370ED}.Release|iPhone.ActiveCfg = Release|Any CPU
		{4B66526D-1994-4032-B84B-60FBEBB370ED}.Release|iPhone.Build.0 = Release|Any CPU
		{4B66526D-1994-4032-B84B-60FBEBB370ED}.Release|iPhoneSimulator.ActiveCfg = Release|Any CPU
		{4B66526D-1994-4032-B84B-60FBEBB370ED}.Release|iPhoneSimulator.Build.0 = Release|Any CPU
		{9A941749-EC73-46FC-981B-84C34B00D721}.Debug|Any CPU.ActiveCfg = Debug|Any CPU
		{9A941749-EC73-46FC-981B-84C34B00D721}.Debug|Any CPU.Build.0 = Debug|Any CPU
		{9A941749-EC73-46FC-981B-84C34B00D721}.Debug|iPhone.ActiveCfg = Debug|Any CPU
		{9A941749-EC73-46FC-981B-84C34B00D721}.Debug|iPhone.Build.0 = Debug|Any CPU
		{9A941749-EC73-46FC-981B-84C34B00D721}.Debug|iPhoneSimulator.ActiveCfg = Debug|Any CPU
		{9A941749-EC73-46FC-981B-84C34B00D721}.Debug|iPhoneSimulator.Build.0 = Debug|Any CPU
		{9A941749-EC73-46FC-981B-84C34B00D721}.Default|Any CPU.ActiveCfg = Debug|Any CPU
		{9A941749-EC73-46FC-981B-84C34B00D721}.Default|Any CPU.Build.0 = Debug|Any CPU
		{9A941749-EC73-46FC-981B-84C34B00D721}.Default|iPhone.ActiveCfg = Debug|Any CPU
		{9A941749-EC73-46FC-981B-84C34B00D721}.Default|iPhone.Build.0 = Debug|Any CPU
		{9A941749-EC73-46FC-981B-84C34B00D721}.Default|iPhoneSimulator.ActiveCfg = Debug|Any CPU
		{9A941749-EC73-46FC-981B-84C34B00D721}.Default|iPhoneSimulator.Build.0 = Debug|Any CPU
		{9A941749-EC73-46FC-981B-84C34B00D721}.Release|Any CPU.ActiveCfg = Release|Any CPU
		{9A941749-EC73-46FC-981B-84C34B00D721}.Release|Any CPU.Build.0 = Release|Any CPU
		{9A941749-EC73-46FC-981B-84C34B00D721}.Release|iPhone.ActiveCfg = Release|Any CPU
		{9A941749-EC73-46FC-981B-84C34B00D721}.Release|iPhone.Build.0 = Release|Any CPU
		{9A941749-EC73-46FC-981B-84C34B00D721}.Release|iPhoneSimulator.ActiveCfg = Release|Any CPU
		{9A941749-EC73-46FC-981B-84C34B00D721}.Release|iPhoneSimulator.Build.0 = Release|Any CPU
		{7AA1350C-4D26-48CD-8C4C-68083D9A0B50}.Debug|Any CPU.ActiveCfg = Debug|Any CPU
		{7AA1350C-4D26-48CD-8C4C-68083D9A0B50}.Debug|Any CPU.Build.0 = Debug|Any CPU
		{7AA1350C-4D26-48CD-8C4C-68083D9A0B50}.Debug|iPhone.ActiveCfg = Debug|Any CPU
		{7AA1350C-4D26-48CD-8C4C-68083D9A0B50}.Debug|iPhone.Build.0 = Debug|Any CPU
		{7AA1350C-4D26-48CD-8C4C-68083D9A0B50}.Debug|iPhoneSimulator.ActiveCfg = Debug|Any CPU
		{7AA1350C-4D26-48CD-8C4C-68083D9A0B50}.Debug|iPhoneSimulator.Build.0 = Debug|Any CPU
		{7AA1350C-4D26-48CD-8C4C-68083D9A0B50}.Default|Any CPU.ActiveCfg = Debug|Any CPU
		{7AA1350C-4D26-48CD-8C4C-68083D9A0B50}.Default|Any CPU.Build.0 = Debug|Any CPU
		{7AA1350C-4D26-48CD-8C4C-68083D9A0B50}.Default|iPhone.ActiveCfg = Debug|Any CPU
		{7AA1350C-4D26-48CD-8C4C-68083D9A0B50}.Default|iPhone.Build.0 = Debug|Any CPU
		{7AA1350C-4D26-48CD-8C4C-68083D9A0B50}.Default|iPhoneSimulator.ActiveCfg = Debug|Any CPU
		{7AA1350C-4D26-48CD-8C4C-68083D9A0B50}.Default|iPhoneSimulator.Build.0 = Debug|Any CPU
		{7AA1350C-4D26-48CD-8C4C-68083D9A0B50}.Release|Any CPU.ActiveCfg = Release|Any CPU
		{7AA1350C-4D26-48CD-8C4C-68083D9A0B50}.Release|Any CPU.Build.0 = Release|Any CPU
		{7AA1350C-4D26-48CD-8C4C-68083D9A0B50}.Release|iPhone.ActiveCfg = Release|Any CPU
		{7AA1350C-4D26-48CD-8C4C-68083D9A0B50}.Release|iPhone.Build.0 = Release|Any CPU
		{7AA1350C-4D26-48CD-8C4C-68083D9A0B50}.Release|iPhoneSimulator.ActiveCfg = Release|Any CPU
		{7AA1350C-4D26-48CD-8C4C-68083D9A0B50}.Release|iPhoneSimulator.Build.0 = Release|Any CPU
	EndGlobalSection
	GlobalSection(SolutionProperties) = preSolution
		HideSolutionNode = FALSE
	EndGlobalSection
	GlobalSection(NestedProjects) = preSolution
		{3BD3480C-CBB8-4027-9DED-D84D4DC1EDF8} = {BB5E9B64-2CC7-42E1-8F7E-BE06568CD4E6}
	EndGlobalSection
	GlobalSection(ExtensibilityGlobals) = postSolution
		SolutionGuid = {5BE6D9B5-E0EB-4497-9AE0-55B4B6A14420}
	EndGlobalSection
EndGlobal
